
Microsoft Visual Studio Solution File, Format Version 12.00
# Visual Studio Version 17
VisualStudioVersion = 17.14.36202.13 d17.14
MinimumVisualStudioVersion = 10.0.40219.1
Project("{8BC9CEB8-8B4A-11D0-8D11-00A0C91BC942}") = "cpplb5", "cpplb5\cpplb5.vcxproj", "{F98709F9-0A34-4FEB-AB28-8C8F52CF6082}"
EndProject
Global
	GlobalSection(SolutionConfigurationPlatforms) = preSolution
		Debug|x64 = Debug|x64
		Debug|x86 = Debug|x86
		Release|x64 = Release|x64
		Release|x86 = Release|x86
	EndGlobalSection
	GlobalSection(ProjectConfigurationPlatforms) = postSolution
		{F98709F9-0A34-4FEB-AB28-8C8F52CF6082}.Debug|x64.ActiveCfg = Debug|x64
		{F98709F9-0A34-4FEB-AB28-8C8F52CF6082}.Debug|x64.Build.0 = Debug|x64
		{F98709F9-0A34-4FEB-AB28-8C8F52CF6082}.Debug|x86.ActiveCfg = Debug|Win32
		{F98709F9-0A34-4FEB-AB28-8C8F52CF6082}.Debug|x86.Build.0 = Debug|Win32
		{F98709F9-0A34-4FEB-AB28-8C8F52CF6082}.Release|x64.ActiveCfg = Release|x64
		{F98709F9-0A34-4FEB-AB28-8C8F52CF6082}.Release|x64.Build.0 = Release|x64
		{F98709F9-0A34-4FEB-AB28-8C8F52CF6082}.Release|x86.ActiveCfg = Release|Win32
		{F98709F9-0A34-4FEB-AB28-8C8F52CF6082}.Release|x86.Build.0 = Release|Win32
	EndGlobalSection
	GlobalSection(SolutionProperties) = preSolution
		HideSolutionNode = FALSE
	EndGlobalSection
	GlobalSection(ExtensibilityGlobals) = postSolution
		SolutionGuid = {7FAC918A-06A7-450A-BB2B-91B82D66B338}
	EndGlobalSection
EndGlobal
