Microsoft Visual Studio Solution File, Format Version 12.00
# Visual Studio Version 17
VisualStudioVersion = 17.5.2.0
MinimumVisualStudioVersion = 10.0.40219.1
Project("{FAE04EC0-301F-11D3-BF4B-00C04F79EFBC}") = "lb1c#", "lb1c#.csproj", "{7F2276EC-83C7-5BA0-A3F8-72DAD0573751}"
EndProject
Global
	GlobalSection(SolutionConfigurationPlatforms) = preSolution
		Debug|Any CPU = Debug|Any CPU
		Release|Any CPU = Release|Any CPU
	EndGlobalSection
	GlobalSection(ProjectConfigurationPlatforms) = postSolution
		{7F2276EC-83C7-5BA0-A3F8-72DAD0573751}.Debug|Any CPU.ActiveCfg = Debug|Any CPU
		{7F2276EC-83C7-5BA0-A3F8-72DAD0573751}.Debug|Any CPU.Build.0 = Debug|Any CPU
		{7F2276EC-83C7-5BA0-A3F8-72DAD0573751}.Release|Any CPU.ActiveCfg = Release|Any CPU
		{7F2276EC-83C7-5BA0-A3F8-72DAD0573751}.Release|Any CPU.Build.0 = Release|Any CPU
	EndGlobalSection
	GlobalSection(SolutionProperties) = preSolution
		HideSolutionNode = FALSE
	EndGlobalSection
	GlobalSection(ExtensibilityGlobals) = postSolution
		SolutionGuid = {C283C2B9-BA93-4383-B940-1CECF26CCB64}
	EndGlobalSection
EndGlobal
